
Microsoft Visual Studio Solution File, Format Version 12.00
# Visual Studio Version 16
VisualStudioVersion = 16.0.30128.74
MinimumVisualStudioVersion = 10.0.40219.1
Project("{2150E333-8FDC-42A3-9474-1A3956D46DE8}") = "src", "src", "{1062C0F2-31F7-45B4-86C5-4988D9DFD832}"
EndProject
Project("{9A19103F-16F7-4668-BE54-9A1E7A4F7556}") = "Catalog.API", "src\Catalog\Catalog.API\Catalog.API.csproj", "{61996D3F-D71C-48DB-A4FC-F54C430E2036}"
EndProject
Project("{2150E333-8FDC-42A3-9474-1A3956D46DE8}") = "Catalog", "Catalog", "{595CAC76-C680-465C-8655-0F89782ED7B4}"
EndProject
Project("{E53339B2-1760-4266-BCC7-CA923CBCF16C}") = "docker-compose", "docker-compose.dcproj", "{D9B711D3-BA24-4150-B704-C03F35093258}"
EndProject
Project("{2150E333-8FDC-42A3-9474-1A3956D46DE8}") = "Basket", "Basket", "{893C4E95-98AA-4340-85D7-7640879FCF88}"
EndProject
Project("{9A19103F-16F7-4668-BE54-9A1E7A4F7556}") = "Basket.API", "src\Basket\Basket.API\Basket.API.csproj", "{31A56422-22C6-4F06-9EAF-368A0CAF351E}"
	ProjectSection(ProjectDependencies) = postProject
		{2C886697-9AA2-426F-806E-95C479CD1B19} = {2C886697-9AA2-426F-806E-95C479CD1B19}
	EndProjectSection
EndProject
Project("{2150E333-8FDC-42A3-9474-1A3956D46DE8}") = "Common", "Common", "{99EA9CCC-0E06-41AD-B078-08634DED313A}"
EndProject
Project("{9A19103F-16F7-4668-BE54-9A1E7A4F7556}") = "EventBusRabbitMQ", "src\Common\EventBusRabbitMQ\EventBusRabbitMQ.csproj", "{2C886697-9AA2-426F-806E-95C479CD1B19}"
EndProject
Project("{2150E333-8FDC-42A3-9474-1A3956D46DE8}") = "Ordering", "Ordering", "{EF306CBB-DB91-4C63-94B5-2CD86778E5DF}"
EndProject
Project("{9A19103F-16F7-4668-BE54-9A1E7A4F7556}") = "Ordering.API", "src\Ordering\Ordering.API\Ordering.API.csproj", "{FBD248D5-D5FA-4F35-98FD-A28581A6E851}"
	ProjectSection(ProjectDependencies) = postProject
		{2C886697-9AA2-426F-806E-95C479CD1B19} = {2C886697-9AA2-426F-806E-95C479CD1B19}
		{BFD421BB-8821-445E-8EA1-84E66F630B66} = {BFD421BB-8821-445E-8EA1-84E66F630B66}
		{9AA6F7FB-A2BD-4492-9FEC-4058CCB951D4} = {9AA6F7FB-A2BD-4492-9FEC-4058CCB951D4}
	EndProjectSection
EndProject
Project("{9A19103F-16F7-4668-BE54-9A1E7A4F7556}") = "Ordering.Core", "src\Ordering\Ordering.Core\Ordering.Core.csproj", "{9AA6F7FB-A2BD-4492-9FEC-4058CCB951D4}"
EndProject
Project("{9A19103F-16F7-4668-BE54-9A1E7A4F7556}") = "Ordering.Infrastructure", "src\Ordering\Ordering.Infrastructure\Ordering.Infrastructure.csproj", "{BFD421BB-8821-445E-8EA1-84E66F630B66}"
	ProjectSection(ProjectDependencies) = postProject
		{9AA6F7FB-A2BD-4492-9FEC-4058CCB951D4} = {9AA6F7FB-A2BD-4492-9FEC-4058CCB951D4}
	EndProjectSection
EndProject
Project("{2150E333-8FDC-42A3-9474-1A3956D46DE8}") = "APIGateway", "APIGateway", "{AC402E05-2071-4151-84D9-F4D5F77F78E0}"
EndProject
Project("{9A19103F-16F7-4668-BE54-9A1E7A4F7556}") = "OcelotAPIGateway", "src\APIGateway\OcelotAPIGateway\OcelotAPIGateway.csproj", "{936B34EC-78C0-47E0-9678-665C16F5CFCC}"
EndProject
Project("{2150E333-8FDC-42A3-9474-1A3956D46DE8}") = "Web", "Web", "{F921DD0B-A595-4AF1-BB64-6D68FB2BF6DF}"
EndProject
Project("{9A19103F-16F7-4668-BE54-9A1E7A4F7556}") = "ShoppingWeb", "src\Web\ShoppingWeb\ShoppingWeb.csproj", "{B291F51A-AB17-4808-A914-95AF5B1DDB96}"
EndProject
Project("{2150E333-8FDC-42A3-9474-1A3956D46DE8}") = "Identity", "Identity", "{B9B20F05-6BB5-41FD-AFDC-4549A89B7A01}"
EndProject
Project("{9A19103F-16F7-4668-BE54-9A1E7A4F7556}") = "IdentityService", "src\Identity\IdentityService\IdentityService\IdentityService.csproj", "{39651C02-0ADF-45C8-A77A-F7C3917B4A25}"
EndProject
Global
	GlobalSection(SolutionConfigurationPlatforms) = preSolution
		Debug|Any CPU = Debug|Any CPU
		Release|Any CPU = Release|Any CPU
	EndGlobalSection
	GlobalSection(ProjectConfigurationPlatforms) = postSolution
		{61996D3F-D71C-48DB-A4FC-F54C430E2036}.Debug|Any CPU.ActiveCfg = Debug|Any CPU
		{61996D3F-D71C-48DB-A4FC-F54C430E2036}.Debug|Any CPU.Build.0 = Debug|Any CPU
		{61996D3F-D71C-48DB-A4FC-F54C430E2036}.Release|Any CPU.ActiveCfg = Release|Any CPU
		{61996D3F-D71C-48DB-A4FC-F54C430E2036}.Release|Any CPU.Build.0 = Release|Any CPU
		{D9B711D3-BA24-4150-B704-C03F35093258}.Debug|Any CPU.ActiveCfg = Debug|Any CPU
		{D9B711D3-BA24-4150-B704-C03F35093258}.Debug|Any CPU.Build.0 = Debug|Any CPU
		{D9B711D3-BA24-4150-B704-C03F35093258}.Release|Any CPU.ActiveCfg = Release|Any CPU
		{D9B711D3-BA24-4150-B704-C03F35093258}.Release|Any CPU.Build.0 = Release|Any CPU
		{31A56422-22C6-4F06-9EAF-368A0CAF351E}.Debug|Any CPU.ActiveCfg = Debug|Any CPU
		{31A56422-22C6-4F06-9EAF-368A0CAF351E}.Debug|Any CPU.Build.0 = Debug|Any CPU
		{31A56422-22C6-4F06-9EAF-368A0CAF351E}.Release|Any CPU.ActiveCfg = Release|Any CPU
		{31A56422-22C6-4F06-9EAF-368A0CAF351E}.Release|Any CPU.Build.0 = Release|Any CPU
		{2C886697-9AA2-426F-806E-95C479CD1B19}.Debug|Any CPU.ActiveCfg = Debug|Any CPU
		{2C886697-9AA2-426F-806E-95C479CD1B19}.Debug|Any CPU.Build.0 = Debug|Any CPU
		{2C886697-9AA2-426F-806E-95C479CD1B19}.Release|Any CPU.ActiveCfg = Release|Any CPU
		{2C886697-9AA2-426F-806E-95C479CD1B19}.Release|Any CPU.Build.0 = Release|Any CPU
		{FBD248D5-D5FA-4F35-98FD-A28581A6E851}.Debug|Any CPU.ActiveCfg = Debug|Any CPU
		{FBD248D5-D5FA-4F35-98FD-A28581A6E851}.Debug|Any CPU.Build.0 = Debug|Any CPU
		{FBD248D5-D5FA-4F35-98FD-A28581A6E851}.Release|Any CPU.ActiveCfg = Release|Any CPU
		{FBD248D5-D5FA-4F35-98FD-A28581A6E851}.Release|Any CPU.Build.0 = Release|Any CPU
		{9AA6F7FB-A2BD-4492-9FEC-4058CCB951D4}.Debug|Any CPU.ActiveCfg = Debug|Any CPU
		{9AA6F7FB-A2BD-4492-9FEC-4058CCB951D4}.Debug|Any CPU.Build.0 = Debug|Any CPU
		{9AA6F7FB-A2BD-4492-9FEC-4058CCB951D4}.Release|Any CPU.ActiveCfg = Release|Any CPU
		{9AA6F7FB-A2BD-4492-9FEC-4058CCB951D4}.Release|Any CPU.Build.0 = Release|Any CPU
		{BFD421BB-8821-445E-8EA1-84E66F630B66}.Debug|Any CPU.ActiveCfg = Debug|Any CPU
		{BFD421BB-8821-445E-8EA1-84E66F630B66}.Debug|Any CPU.Build.0 = Debug|Any CPU
		{BFD421BB-8821-445E-8EA1-84E66F630B66}.Release|Any CPU.ActiveCfg = Release|Any CPU
		{BFD421BB-8821-445E-8EA1-84E66F630B66}.Release|Any CPU.Build.0 = Release|Any CPU
		{936B34EC-78C0-47E0-9678-665C16F5CFCC}.Debug|Any CPU.ActiveCfg = Debug|Any CPU
		{936B34EC-78C0-47E0-9678-665C16F5CFCC}.Debug|Any CPU.Build.0 = Debug|Any CPU
		{936B34EC-78C0-47E0-9678-665C16F5CFCC}.Release|Any CPU.ActiveCfg = Release|Any CPU
		{936B34EC-78C0-47E0-9678-665C16F5CFCC}.Release|Any CPU.Build.0 = Release|Any CPU
		{B291F51A-AB17-4808-A914-95AF5B1DDB96}.Debug|Any CPU.ActiveCfg = Debug|Any CPU
		{B291F51A-AB17-4808-A914-95AF5B1DDB96}.Debug|Any CPU.Build.0 = Debug|Any CPU
		{B291F51A-AB17-4808-A914-95AF5B1DDB96}.Release|Any CPU.ActiveCfg = Release|Any CPU
		{B291F51A-AB17-4808-A914-95AF5B1DDB96}.Release|Any CPU.Build.0 = Release|Any CPU
		{39651C02-0ADF-45C8-A77A-F7C3917B4A25}.Debug|Any CPU.ActiveCfg = Debug|Any CPU
		{39651C02-0ADF-45C8-A77A-F7C3917B4A25}.Debug|Any CPU.Build.0 = Debug|Any CPU
		{39651C02-0ADF-45C8-A77A-F7C3917B4A25}.Release|Any CPU.ActiveCfg = Release|Any CPU
		{39651C02-0ADF-45C8-A77A-F7C3917B4A25}.Release|Any CPU.Build.0 = Release|Any CPU
	EndGlobalSection
	GlobalSection(SolutionProperties) = preSolution
		HideSolutionNode = FALSE
	EndGlobalSection
	GlobalSection(NestedProjects) = preSolution
		{61996D3F-D71C-48DB-A4FC-F54C430E2036} = {595CAC76-C680-465C-8655-0F89782ED7B4}
		{595CAC76-C680-465C-8655-0F89782ED7B4} = {1062C0F2-31F7-45B4-86C5-4988D9DFD832}
		{893C4E95-98AA-4340-85D7-7640879FCF88} = {1062C0F2-31F7-45B4-86C5-4988D9DFD832}
		{31A56422-22C6-4F06-9EAF-368A0CAF351E} = {893C4E95-98AA-4340-85D7-7640879FCF88}
		{99EA9CCC-0E06-41AD-B078-08634DED313A} = {1062C0F2-31F7-45B4-86C5-4988D9DFD832}
		{2C886697-9AA2-426F-806E-95C479CD1B19} = {99EA9CCC-0E06-41AD-B078-08634DED313A}
		{EF306CBB-DB91-4C63-94B5-2CD86778E5DF} = {1062C0F2-31F7-45B4-86C5-4988D9DFD832}
		{FBD248D5-D5FA-4F35-98FD-A28581A6E851} = {EF306CBB-DB91-4C63-94B5-2CD86778E5DF}
		{9AA6F7FB-A2BD-4492-9FEC-4058CCB951D4} = {EF306CBB-DB91-4C63-94B5-2CD86778E5DF}
		{BFD421BB-8821-445E-8EA1-84E66F630B66} = {EF306CBB-DB91-4C63-94B5-2CD86778E5DF}
		{AC402E05-2071-4151-84D9-F4D5F77F78E0} = {1062C0F2-31F7-45B4-86C5-4988D9DFD832}
		{936B34EC-78C0-47E0-9678-665C16F5CFCC} = {AC402E05-2071-4151-84D9-F4D5F77F78E0}
		{F921DD0B-A595-4AF1-BB64-6D68FB2BF6DF} = {1062C0F2-31F7-45B4-86C5-4988D9DFD832}
		{B291F51A-AB17-4808-A914-95AF5B1DDB96} = {F921DD0B-A595-4AF1-BB64-6D68FB2BF6DF}
		{B9B20F05-6BB5-41FD-AFDC-4549A89B7A01} = {1062C0F2-31F7-45B4-86C5-4988D9DFD832}
		{39651C02-0ADF-45C8-A77A-F7C3917B4A25} = {B9B20F05-6BB5-41FD-AFDC-4549A89B7A01}
	EndGlobalSection
	GlobalSection(ExtensibilityGlobals) = postSolution
		SolutionGuid = {05742F43-64F0-4AE5-9041-339231F7A911}
	EndGlobalSection
EndGlobal
